
Microsoft Visual Studio Solution File, Format Version 12.00
# Visual Studio 15
VisualStudioVersion = 15.0.28307.136
MinimumVisualStudioVersion = 10.0.40219.1
Project("{8BC9CEB8-8B4A-11D0-8D11-00A0C91BC942}") = "tinyopcpu", "tinyopcpu\tinyopcpu.vcxproj", "{AB7F0097-982D-44E4-B845-A599C6DFC02A}"
EndProject
Project("{8BC9CEB8-8B4A-11D0-8D11-00A0C91BC942}") = "apptest", "apptest\apptest.vcxproj", "{AD44413B-88EF-4C60-9003-3CB65AEA10EE}"
EndProject
Global
	GlobalSection(SolutionConfigurationPlatforms) = preSolution
		Debug|ARM = Debug|ARM
		Debug|ARM64 = Debug|ARM64
		Debug|x64 = Debug|x64
		Debug|x86 = Debug|x86
		Release|ARM = Release|ARM
		Release|ARM64 = Release|ARM64
		Release|x64 = Release|x64
		Release|x86 = Release|x86
	EndGlobalSection
	GlobalSection(ProjectConfigurationPlatforms) = postSolution
		{AB7F0097-982D-44E4-B845-A599C6DFC02A}.Debug|ARM.ActiveCfg = Debug|ARM
		{AB7F0097-982D-44E4-B845-A599C6DFC02A}.Debug|ARM.Build.0 = Debug|ARM
		{AB7F0097-982D-44E4-B845-A599C6DFC02A}.Debug|ARM.Deploy.0 = Debug|ARM
		{AB7F0097-982D-44E4-B845-A599C6DFC02A}.Debug|ARM64.ActiveCfg = Debug|ARM64
		{AB7F0097-982D-44E4-B845-A599C6DFC02A}.Debug|ARM64.Build.0 = Debug|ARM64
		{AB7F0097-982D-44E4-B845-A599C6DFC02A}.Debug|ARM64.Deploy.0 = Debug|ARM64
		{AB7F0097-982D-44E4-B845-A599C6DFC02A}.Debug|x64.ActiveCfg = Debug|x64
		{AB7F0097-982D-44E4-B845-A599C6DFC02A}.Debug|x64.Build.0 = Debug|x64
		{AB7F0097-982D-44E4-B845-A599C6DFC02A}.Debug|x64.Deploy.0 = Debug|x64
		{AB7F0097-982D-44E4-B845-A599C6DFC02A}.Debug|x86.ActiveCfg = Debug|Win32
		{AB7F0097-982D-44E4-B845-A599C6DFC02A}.Debug|x86.Build.0 = Debug|Win32
		{AB7F0097-982D-44E4-B845-A599C6DFC02A}.Debug|x86.Deploy.0 = Debug|Win32
		{AB7F0097-982D-44E4-B845-A599C6DFC02A}.Release|ARM.ActiveCfg = Release|ARM
		{AB7F0097-982D-44E4-B845-A599C6DFC02A}.Release|ARM.Build.0 = Release|ARM
		{AB7F0097-982D-44E4-B845-A599C6DFC02A}.Release|ARM.Deploy.0 = Release|ARM
		{AB7F0097-982D-44E4-B845-A599C6DFC02A}.Release|ARM64.ActiveCfg = Release|ARM64
		{AB7F0097-982D-44E4-B845-A599C6DFC02A}.Release|ARM64.Build.0 = Release|ARM64
		{AB7F0097-982D-44E4-B845-A599C6DFC02A}.Release|ARM64.Deploy.0 = Release|ARM64
		{AB7F0097-982D-44E4-B845-A599C6DFC02A}.Release|x64.ActiveCfg = Release|x64
		{AB7F0097-982D-44E4-B845-A599C6DFC02A}.Release|x64.Build.0 = Release|x64
		{AB7F0097-982D-44E4-B845-A599C6DFC02A}.Release|x64.Deploy.0 = Release|x64
		{AB7F0097-982D-44E4-B845-A599C6DFC02A}.Release|x86.ActiveCfg = Release|Win32
		{AB7F0097-982D-44E4-B845-A599C6DFC02A}.Release|x86.Build.0 = Release|Win32
		{AB7F0097-982D-44E4-B845-A599C6DFC02A}.Release|x86.Deploy.0 = Release|Win32
		{AD44413B-88EF-4C60-9003-3CB65AEA10EE}.Debug|ARM.ActiveCfg = Debug|Win32
		{AD44413B-88EF-4C60-9003-3CB65AEA10EE}.Debug|ARM64.ActiveCfg = Debug|Win32
		{AD44413B-88EF-4C60-9003-3CB65AEA10EE}.Debug|x64.ActiveCfg = Debug|x64
		{AD44413B-88EF-4C60-9003-3CB65AEA10EE}.Debug|x64.Build.0 = Debug|x64
		{AD44413B-88EF-4C60-9003-3CB65AEA10EE}.Debug|x86.ActiveCfg = Debug|Win32
		{AD44413B-88EF-4C60-9003-3CB65AEA10EE}.Debug|x86.Build.0 = Debug|Win32
		{AD44413B-88EF-4C60-9003-3CB65AEA10EE}.Release|ARM.ActiveCfg = Release|Win32
		{AD44413B-88EF-4C60-9003-3CB65AEA10EE}.Release|ARM64.ActiveCfg = Release|Win32
		{AD44413B-88EF-4C60-9003-3CB65AEA10EE}.Release|x64.ActiveCfg = Release|x64
		{AD44413B-88EF-4C60-9003-3CB65AEA10EE}.Release|x64.Build.0 = Release|x64
		{AD44413B-88EF-4C60-9003-3CB65AEA10EE}.Release|x86.ActiveCfg = Release|Win32
		{AD44413B-88EF-4C60-9003-3CB65AEA10EE}.Release|x86.Build.0 = Release|Win32
	EndGlobalSection
	GlobalSection(SolutionProperties) = preSolution
		HideSolutionNode = FALSE
	EndGlobalSection
	GlobalSection(ExtensibilityGlobals) = postSolution
		SolutionGuid = {C132CBFA-CAE9-4743-9E76-C644EE7131BD}
	EndGlobalSection
EndGlobal
